{
  "originHash" : "8d69b4e7d16820d189d91efdad0fc32d94eb3a461a446993732d8ce683f50279",
  "pins" : [
    {
      "identity" : "kmp-nativecoroutines",
      "kind" : "remoteSourceControl",
      "location" : "https://github.com/rickclephas/KMP-NativeCoroutines.git",
      "state" : {
        "revision" : "c84619cc90d2d4b05787b0a686ad7767e4033ab5",
        "version" : "1.0.0-ALPHA-27"
      }
    },
    {
      "identity" : "mpfoundation",
      "kind" : "remoteSourceControl",
      "location" : "https://github.com/MP-iOS-2022/MPFoundation",
      "state" : {
        "branch" : "main",
        "revision" : "739226399ef31d30103bcc1355216ca6a8d1f882"
      }
    },
    {
      "identity" : "mpswiftui",
      "kind" : "remoteSourceControl",
      "location" : "https://github.com/MP-iOS-2022/MPSwiftUI",
      "state" : {
        "branch" : "main",
        "revision" : "c11e9a67dbd3e18a3b6b5a6fc3f3d191f459432d"
      }
    },
    {
      "identity" : "rxswift",
      "kind" : "remoteSourceControl",
      "location" : "https://github.com/ReactiveX/RxSwift.git",
      "state" : {
        "revision" : "b06a8c8596e4c3e8e7788e08e720e3248563ce6a",
        "version" : "6.7.1"
      }
    }
  ],
  "version" : 3
}
